// !$*UTF8*$!
{
	archiveVersion = 1;
	classes = {
	};
	objectVersion = 56;
	objects = {

/* Begin PBXBuildFile section */
		82FB180928FE8D3600C03131 /* SwiftUI_SampleApp.swift in Sources */ = {isa = PBXBuildFile; fileRef = 82FB180828FE8D3600C03131 /* SwiftUI_SampleApp.swift */; };
		82FB180B28FE8D3600C03131 /* ContentView.swift in Sources */ = {isa = PBXBuildFile; fileRef = 82FB180A28FE8D3600C03131 /* ContentView.swift */; };
		82FB180D28FE8D3700C03131 /* Assets.xcassets in Resources */ = {isa = PBXBuildFile; fileRef = 82FB180C28FE8D3700C03131 /* Assets.xcassets */; };
		82FB181028FE8D3700C03131 /* Preview Assets.xcassets in Resources */ = {isa = PBXBuildFile; fileRef = 82FB180F28FE8D3700C03131 /* Preview Assets.xcassets */; };
		82FB181A28FE8D3700C03131 /* SwiftUI_SampleTests.swift in Sources */ = {isa = PBXBuildFile; fileRef = 82FB181928FE8D3700C03131 /* SwiftUI_SampleTests.swift */; };
		82FB182428FE8D3800C03131 /* SwiftUI_SampleUITests.swift in Sources */ = {isa = PBXBuildFile; fileRef = 82FB182328FE8D3800C03131 /* SwiftUI_SampleUITests.swift */; };
		82FB182628FE8D3800C03131 /* SwiftUI_SampleUITestsLaunchTests.swift in Sources */ = {isa = PBXBuildFile; fileRef = 82FB182528FE8D3800C03131 /* SwiftUI_SampleUITestsLaunchTests.swift */; };
/* End PBXBuildFile section */

/* Begin PBXContainerItemProxy section */
		82FB181628FE8D3700C03131 /* PBXContainerItemProxy */ = {
			isa = PBXContainerItemProxy;
			containerPortal = 82FB17FD28FE8D3600C03131 /* Project object */;
			proxyType = 1;
			remoteGlobalIDString = 82FB180428FE8D3600C03131;
			remoteInfo = "SwiftUI-Sample";
		};
		82FB182028FE8D3800C03131 /* PBXContainerItemProxy */ = {
			isa = PBXContainerItemProxy;
			containerPortal = 82FB17FD28FE8D3600C03131 /* Project object */;
			proxyType = 1;
			remoteGlobalIDString = 82FB180428FE8D3600C03131;
			remoteInfo = "SwiftUI-Sample";
		};
/* End PBXContainerItemProxy section */

/* Begin PBXFileReference section */
		82FB180528FE8D3600C03131 /* SwiftUI-Sample.app */ = {isa = PBXFileReference; explicitFileType = wrapper.application; includeInIndex = 0; path = "SwiftUI-Sample.app"; sourceTree = BUILT_PRODUCTS_DIR; };
		82FB180828FE8D3600C03131 /* SwiftUI_SampleApp.swift */ = {isa = PBXFileReference; lastKnownFileType = sourcecode.swift; path = SwiftUI_SampleApp.swift; sourceTree = "<group>"; };
		82FB180A28FE8D3600C03131 /* ContentView.swift */ = {isa = PBXFileReference; lastKnownFileType = sourcecode.swift; path = ContentView.swift; sourceTree = "<group>"; };
		82FB180C28FE8D3700C03131 /* Assets.xcassets */ = {isa = PBXFileReference; lastKnownFileType = folder.assetcatalog; path = Assets.xcassets; sourceTree = "<group>"; };
		82FB180F28FE8D3700C03131 /* Preview Assets.xcassets */ = {isa = PBXFileReference; lastKnownFileType = folder.assetcatalog; path = "Preview Assets.xcassets"; sourceTree = "<group>"; };
		82FB181528FE8D3700C03131 /* SwiftUI-SampleTests.xctest */ = {isa = PBXFileReference; explicitFileType = wrapper.cfbundle; includeInIndex = 0; path = "SwiftUI-SampleTests.xctest"; sourceTree = BUILT_PRODUCTS_DIR; };
		82FB181928FE8D3700C03131 /* SwiftUI_SampleTests.swift */ = {isa = PBXFileReference; lastKnownFileType = sourcecode.swift; path = SwiftUI_SampleTests.swift; sourceTree = "<group>"; };
		82FB181F28FE8D3700C03131 /* SwiftUI-SampleUITests.xctest */ = {isa = PBXFileReference; explicitFileType = wrapper.cfbundle; includeInIndex = 0; path = "SwiftUI-SampleUITests.xctest"; sourceTree = BUILT_PRODUCTS_DIR; };
		82FB182328FE8D3800C03131 /* SwiftUI_SampleUITests.swift */ = {isa = PBXFileReference; lastKnownFileType = sourcecode.swift; path = SwiftUI_SampleUITests.swift; sourceTree = "<group>"; };
		82FB182528FE8D3800C03131 /* SwiftUI_SampleUITestsLaunchTests.swift */ = {isa = PBXFileReference; lastKnownFileType = sourcecode.swift; path = SwiftUI_SampleUITestsLaunchTests.swift; sourceTree = "<group>"; };
/* End PBXFileReference section */

/* Begin PBXFrameworksBuildPhase section */
		82FB180228FE8D3600C03131 /* Frameworks */ = {
			isa = PBXFrameworksBuildPhase;
			buildActionMask = 2147483647;
			files = (
			);
			runOnlyForDeploymentPostprocessing = 0;
		};
		82FB181228FE8D3700C03131 /* Frameworks */ = {
			isa = PBXFrameworksBuildPhase;
			buildActionMask = 2147483647;
			files = (
			);
			runOnlyForDeploymentPostprocessing = 0;
		};
		82FB181C28FE8D3700C03131 /* Frameworks */ = {
			isa = PBXFrameworksBuildPhase;
			buildActionMask = 2147483647;
			files = (
			);
			runOnlyForDeploymentPostprocessing = 0;
		};
/* End PBXFrameworksBuildPhase section */

/* Begin PBXGroup section */
		82FB17FC28FE8D3600C03131 = {
			isa = PBXGroup;
			children = (
				82FB180728FE8D3600C03131 /* SwiftUI-Sample */,
				82FB181828FE8D3700C03131 /* SwiftUI-SampleTests */,
				82FB182228FE8D3800C03131 /* SwiftUI-SampleUITests */,
				82FB180628FE8D3600C03131 /* Products */,
			);
			sourceTree = "<group>";
		};
		82FB180628FE8D3600C03131 /* Products */ = {
			isa = PBXGroup;
			children = (
				82FB180528FE8D3600C03131 /* SwiftUI-Sample.app */,
				82FB181528FE8D3700C03131 /* SwiftUI-SampleTests.xctest */,
				82FB181F28FE8D3700C03131 /* SwiftUI-SampleUITests.xctest */,
			);
			name = Products;
			sourceTree = "<group>";
		};
		82FB180728FE8D3600C03131 /* SwiftUI-Sample */ = {
			isa = PBXGroup;
			children = (
				82FB180828FE8D3600C03131 /* SwiftUI_SampleApp.swift */,
				82FB180A28FE8D3600C03131 /* ContentView.swift */,
				82FB180C28FE8D3700C03131 /* Assets.xcassets */,
				82FB180E28FE8D3700C03131 /* Preview Content */,
			);
			path = "SwiftUI-Sample";
			sourceTree = "<group>";
		};
		82FB180E28FE8D3700C03131 /* Preview Content */ = {
			isa = PBXGroup;
			children = (
				82FB180F28FE8D3700C03131 /* Preview Assets.xcassets */,
			);
			path = "Preview Content";
			sourceTree = "<group>";
		};
		82FB181828FE8D3700C03131 /* SwiftUI-SampleTests */ = {
			isa = PBXGroup;
			children = (
				82FB181928FE8D3700C03131 /* SwiftUI_SampleTests.swift */,
			);
			path = "SwiftUI-SampleTests";
			sourceTree = "<group>";
		};
		82FB182228FE8D3800C03131 /* SwiftUI-SampleUITests */ = {
			isa = PBXGroup;
			children = (
				82FB182328FE8D3800C03131 /* SwiftUI_SampleUITests.swift */,
				82FB182528FE8D3800C03131 /* SwiftUI_SampleUITestsLaunchTests.swift */,
			);
			path = "SwiftUI-SampleUITests";
			sourceTree = "<group>";
		};
/* End PBXGroup section */

/* Begin PBXNativeTarget section */
		82FB180428FE8D3600C03131 /* SwiftUI-Sample */ = {
			isa = PBXNativeTarget;
			buildConfigurationList = 82FB182928FE8D3800C03131 /* Build configuration list for PBXNativeTarget "SwiftUI-Sample" */;
			buildPhases = (
				82FB180128FE8D3600C03131 /* Sources */,
				82FB180228FE8D3600C03131 /* Frameworks */,
				82FB180328FE8D3600C03131 /* Resources */,
			);
			buildRules = (
			);
			dependencies = (
			);
			name = "SwiftUI-Sample";
			productName = "SwiftUI-Sample";
			productReference = 82FB180528FE8D3600C03131 /* SwiftUI-Sample.app */;
			productType = "com.apple.product-type.application";
		};
		82FB181428FE8D3700C03131 /* SwiftUI-SampleTests */ = {
			isa = PBXNativeTarget;
			buildConfigurationList = 82FB182C28FE8D3800C03131 /* Build configuration list for PBXNativeTarget "SwiftUI-SampleTests" */;
			buildPhases = (
				82FB181128FE8D3700C03131 /* Sources */,
				82FB181228FE8D3700C03131 /* Frameworks */,
				82FB181328FE8D3700C03131 /* Resources */,
			);
			buildRules = (
			);
			dependencies = (
				82FB181728FE8D3700C03131 /* PBXTargetDependency */,
			);
			name = "SwiftUI-SampleTests";
			productName = "SwiftUI-SampleTests";
			productReference = 82FB181528FE8D3700C03131 /* SwiftUI-SampleTests.xctest */;
			productType = "com.apple.product-type.bundle.unit-test";
		};
		82FB181E28FE8D3700C03131 /* SwiftUI-SampleUITests */ = {
			isa = PBXNativeTarget;
			buildConfigurationList = 82FB182F28FE8D3800C03131 /* Build configuration list for PBXNativeTarget "SwiftUI-SampleUITests" */;
			buildPhases = (
				82FB181B28FE8D3700C03131 /* Sources */,
				82FB181C28FE8D3700C03131 /* Frameworks */,
				82FB181D28FE8D3700C03131 /* Resources */,
			);
			buildRules = (
			);
			dependencies = (
				82FB182128FE8D3800C03131 /* PBXTargetDependency */,
			);
			name = "SwiftUI-SampleUITests";
			productName = "SwiftUI-SampleUITests";
			productReference = 82FB181F28FE8D3700C03131 /* SwiftUI-SampleUITests.xctest */;
			productType = "com.apple.product-type.bundle.ui-testing";
		};
/* End PBXNativeTarget section */

/* Begin PBXProject section */
		82FB17FD28FE8D3600C03131 /* Project object */ = {
			isa = PBXProject;
			attributes = {
				BuildIndependentTargetsInParallel = 1;
				LastSwiftUpdateCheck = 1400;
				LastUpgradeCheck = 1400;
				TargetAttributes = {
					82FB180428FE8D3600C03131 = {
						CreatedOnToolsVersion = 14.0.1;
					};
					82FB181428FE8D3700C03131 = {
						CreatedOnToolsVersion = 14.0.1;
						TestTargetID = 82FB180428FE8D3600C03131;
					};
					82FB181E28FE8D3700C03131 = {
						CreatedOnToolsVersion = 14.0.1;
						TestTargetID = 82FB180428FE8D3600C03131;
					};
				};
			};
			buildConfigurationList = 82FB180028FE8D3600C03131 /* Build configuration list for PBXProject "SwiftUI-Sample" */;
			compatibilityVersion = "Xcode 14.0";
			developmentRegion = en;
			hasScannedForEncodings = 0;
			knownRegions = (
				en,
				Base,
			);
			mainGroup = 82FB17FC28FE8D3600C03131;
			productRefGroup = 82FB180628FE8D3600C03131 /* Products */;
			projectDirPath = "";
			projectRoot = "";
			targets = (
				82FB180428FE8D3600C03131 /* SwiftUI-Sample */,
				82FB181428FE8D3700C03131 /* SwiftUI-SampleTests */,
				82FB181E28FE8D3700C03131 /* SwiftUI-SampleUITests */,
			);
		};
/* End PBXProject section */

/* Begin PBXResourcesBuildPhase section */
		82FB180328FE8D3600C03131 /* Resources */ = {
			isa = PBXResourcesBuildPhase;
			buildActionMask = 2147483647;
			files = (
				82FB181028FE8D3700C03131 /* Preview Assets.xcassets in Resources */,
				82FB180D28FE8D3700C03131 /* Assets.xcassets in Resources */,
			);
			runOnlyForDeploymentPostprocessing = 0;
		};
		82FB181328FE8D3700C03131 /* Resources */ = {
			isa = PBXResourcesBuildPhase;
			buildActionMask = 2147483647;
			files = (
			);
			runOnlyForDeploymentPostprocessing = 0;
		};
		82FB181D28FE8D3700C03131 /* Resources */ = {
			isa = PBXResourcesBuildPhase;
			buildActionMask = 2147483647;
			files = (
			);
			runOnlyForDeploymentPostprocessing = 0;
		};
/* End PBXResourcesBuildPhase section */

/* Begin PBXSourcesBuildPhase section */
		82FB180128FE8D3600C03131 /* Sources */ = {
			isa = PBXSourcesBuildPhase;
			buildActionMask = 2147483647;
			files = (
				82FB180B28FE8D3600C03131 /* ContentView.swift in Sources */,
				82FB180928FE8D3600C03131 /* SwiftUI_SampleApp.swift in Sources */,
			);
			runOnlyForDeploymentPostprocessing = 0;
		};
		82FB181128FE8D3700C03131 /* Sources */ = {
			isa = PBXSourcesBuildPhase;
			buildActionMask = 2147483647;
			files = (
				82FB181A28FE8D3700C03131 /* SwiftUI_SampleTests.swift in Sources */,
			);
			runOnlyForDeploymentPostprocessing = 0;
		};
		82FB181B28FE8D3700C03131 /* Sources */ = {
			isa = PBXSourcesBuildPhase;
			buildActionMask = 2147483647;
			files = (
				82FB182628FE8D3800C03131 /* SwiftUI_SampleUITestsLaunchTests.swift in Sources */,
				82FB182428FE8D3800C03131 /* SwiftUI_SampleUITests.swift in Sources */,
			);
			runOnlyForDeploymentPostprocessing = 0;
		};
/* End PBXSourcesBuildPhase section */

/* Begin PBXTargetDependency section */
		82FB181728FE8D3700C03131 /* PBXTargetDependency */ = {
			isa = PBXTargetDependency;
			target = 82FB180428FE8D3600C03131 /* SwiftUI-Sample */;
			targetProxy = 82FB181628FE8D3700C03131 /* PBXContainerItemProxy */;
		};
		82FB182128FE8D3800C03131 /* PBXTargetDependency */ = {
			isa = PBXTargetDependency;
			target = 82FB180428FE8D3600C03131 /* SwiftUI-Sample */;
			targetProxy = 82FB182028FE8D3800C03131 /* PBXContainerItemProxy */;
		};
/* End PBXTargetDependency section */

/* Begin XCBuildConfiguration section */
		82FB182728FE8D3800C03131 /* Debug */ = {
			isa = XCBuildConfiguration;
			buildSettings = {
				ALWAYS_SEARCH_USER_PATHS = NO;
				CLANG_ANALYZER_NONNULL = YES;
				CLANG_ANALYZER_NUMBER_OBJECT_CONVERSION = YES_AGGRESSIVE;
				CLANG_CXX_LANGUAGE_STANDARD = "gnu++20";
				CLANG_ENABLE_MODULES = YES;
				CLANG_ENABLE_OBJC_ARC = YES;
				CLANG_ENABLE_OBJC_WEAK = YES;
				CLANG_WARN_BLOCK_CAPTURE_AUTORELEASING = YES;
				CLANG_WARN_BOOL_CONVERSION = YES;
				CLANG_WARN_COMMA = YES;
				CLANG_WARN_CONSTANT_CONVERSION = YES;
				CLANG_WARN_DEPRECATED_OBJC_IMPLEMENTATIONS = YES;
				CLANG_WARN_DIRECT_OBJC_ISA_USAGE = YES_ERROR;
				CLANG_WARN_DOCUMENTATION_COMMENTS = YES;
				CLANG_WARN_EMPTY_BODY = YES;
				CLANG_WARN_ENUM_CONVERSION = YES;
				CLANG_WARN_INFINITE_RECURSION = YES;
				CLANG_WARN_INT_CONVERSION = YES;
				CLANG_WARN_NON_LITERAL_NULL_CONVERSION = YES;
				CLANG_WARN_OBJC_IMPLICIT_RETAIN_SELF = YES;
				CLANG_WARN_OBJC_LITERAL_CONVERSION = YES;
				CLANG_WARN_OBJC_ROOT_CLASS = YES_ERROR;
				CLANG_WARN_QUOTED_INCLUDE_IN_FRAMEWORK_HEADER = YES;
				CLANG_WARN_RANGE_LOOP_ANALYSIS = YES;
				CLANG_WARN_STRICT_PROTOTYPES = YES;
				CLANG_WARN_SUSPICIOUS_MOVE = YES;
				CLANG_WARN_UNGUARDED_AVAILABILITY = YES_AGGRESSIVE;
				CLANG_WARN_UNREACHABLE_CODE = YES;
				CLANG_WARN__DUPLICATE_METHOD_MATCH = YES;
				COPY_PHASE_STRIP = NO;
				DEBUG_INFORMATION_FORMAT = dwarf;
				ENABLE_STRICT_OBJC_MSGSEND = YES;
				ENABLE_TESTABILITY = YES;
				GCC_C_LANGUAGE_STANDARD = gnu11;
				GCC_DYNAMIC_NO_PIC = NO;
				GCC_NO_COMMON_BLOCKS = YES;
				GCC_OPTIMIZATION_LEVEL = 0;
				GCC_PREPROCESSOR_DEFINITIONS = (
					"DEBUG=1",
					"$(inherited)",
				);
				GCC_WARN_64_TO_32_BIT_CONVERSION = YES;
				GCC_WARN_ABOUT_RETURN_TYPE = YES_ERROR;
				GCC_WARN_UNDECLARED_SELECTOR = YES;
				GCC_WARN_UNINITIALIZED_AUTOS = YES_AGGRESSIVE;
				GCC_WARN_UNUSED_FUNCTION = YES;
				GCC_WARN_UNUSED_VARIABLE = YES;
				IPHONEOS_DEPLOYMENT_TARGET = 16.0;
				MTL_ENABLE_DEBUG_INFO = INCLUDE_SOURCE;
				MTL_FAST_MATH = YES;
				ONLY_ACTIVE_ARCH = YES;
				SDKROOT = iphoneos;
				SWIFT_ACTIVE_COMPILATION_CONDITIONS = DEBUG;
				SWIFT_OPTIMIZATION_LEVEL = "-Onone";
			};
			name = Debug;
		};
		82FB182828FE8D3800C03131 /* Release */ = {
			isa = XCBuildConfiguration;
			buildSettings = {
				ALWAYS_SEARCH_USER_PATHS = NO;
				CLANG_ANALYZER_NONNULL = YES;
				CLANG_ANALYZER_NUMBER_OBJECT_CONVERSION = YES_AGGRESSIVE;
				CLANG_CXX_LANGUAGE_STANDARD = "gnu++20";
				CLANG_ENABLE_MODULES = YES;
				CLANG_ENABLE_OBJC_ARC = YES;
				CLANG_ENABLE_OBJC_WEAK = YES;
				CLANG_WARN_BLOCK_CAPTURE_AUTORELEASING = YES;
				CLANG_WARN_BOOL_CONVERSION = YES;
				CLANG_WARN_COMMA = YES;
				CLANG_WARN_CONSTANT_CONVERSION = YES;
				CLANG_WARN_DEPRECATED_OBJC_IMPLEMENTATIONS = YES;
				CLANG_WARN_DIRECT_OBJC_ISA_USAGE = YES_ERROR;
				CLANG_WARN_DOCUMENTATION_COMMENTS = YES;
				CLANG_WARN_EMPTY_BODY = YES;
				CLANG_WARN_ENUM_CONVERSION = YES;
				CLANG_WARN_INFINITE_RECURSION = YES;
				CLANG_WARN_INT_CONVERSION = YES;
				CLANG_WARN_NON_LITERAL_NULL_CONVERSION = YES;
				CLANG_WARN_OBJC_IMPLICIT_RETAIN_SELF = YES;
				CLANG_WARN_OBJC_LITERAL_CONVERSION = YES;
				CLANG_WARN_OBJC_ROOT_CLASS = YES_ERROR;
				CLANG_WARN_QUOTED_INCLUDE_IN_FRAMEWORK_HEADER = YES;
				CLANG_WARN_RANGE_LOOP_ANALYSIS = YES;
				CLANG_WARN_STRICT_PROTOTYPES = YES;
				CLANG_WARN_SUSPICIOUS_MOVE = YES;
				CLANG_WARN_UNGUARDED_AVAILABILITY = YES_AGGRESSIVE;
				CLANG_WARN_UNREACHABLE_CODE = YES;
				CLANG_WARN__DUPLICATE_METHOD_MATCH = YES;
				COPY_PHASE_STRIP = NO;
				DEBUG_INFORMATION_FORMAT = "dwarf-with-dsym";
				ENABLE_NS_ASSERTIONS = NO;
				ENABLE_STRICT_OBJC_MSGSEND = YES;
				GCC_C_LANGUAGE_STANDARD = gnu11;
				GCC_NO_COMMON_BLOCKS = YES;
				GCC_WARN_64_TO_32_BIT_CONVERSION = YES;
				GCC_WARN_ABOUT_RETURN_TYPE = YES_ERROR;
				GCC_WARN_UNDECLARED_SELECTOR = YES;
				GCC_WARN_UNINITIALIZED_AUTOS = YES_AGGRESSIVE;
				GCC_WARN_UNUSED_FUNCTION = YES;
				GCC_WARN_UNUSED_VARIABLE = YES;
				IPHONEOS_DEPLOYMENT_TARGET = 16.0;
				MTL_ENABLE_DEBUG_INFO = NO;
				MTL_FAST_MATH = YES;
				SDKROOT = iphoneos;
				SWIFT_COMPILATION_MODE = wholemodule;
				SWIFT_OPTIMIZATION_LEVEL = "-O";
				VALIDATE_PRODUCT = YES;
			};
			name = Release;
		};
		82FB182A28FE8D3800C03131 /* Debug */ = {
			isa = XCBuildConfiguration;
			buildSettings = {
				ASSETCATALOG_COMPILER_APPICON_NAME = AppIcon;
				ASSETCATALOG_COMPILER_GLOBAL_ACCENT_COLOR_NAME = AccentColor;
				CODE_SIGN_STYLE = Automatic;
				CURRENT_PROJECT_VERSION = 1;
				DEVELOPMENT_ASSET_PATHS = "\"SwiftUI-Sample/Preview Content\"";
				DEVELOPMENT_TEAM = T7BG65JB87;
				ENABLE_PREVIEWS = YES;
				GENERATE_INFOPLIST_FILE = YES;
				INFOPLIST_KEY_UIApplicationSceneManifest_Generation = YES;
				INFOPLIST_KEY_UIApplicationSupportsIndirectInputEvents = YES;
				INFOPLIST_KEY_UILaunchScreen_Generation = YES;
				INFOPLIST_KEY_UISupportedInterfaceOrientations_iPad = "UIInterfaceOrientationPortrait UIInterfaceOrientationPortraitUpsideDown UIInterfaceOrientationLandscapeLeft UIInterfaceOrientationLandscapeRight";
				INFOPLIST_KEY_UISupportedInterfaceOrientations_iPhone = "UIInterfaceOrientationPortrait UIInterfaceOrientationLandscapeLeft UIInterfaceOrientationLandscapeRight";
				LD_RUNPATH_SEARCH_PATHS = (
					"$(inherited)",
					"@executable_path/Frameworks",
				);
				MARKETING_VERSION = 1.0;
				PRODUCT_BUNDLE_IDENTIFIER = "jp.co.opst.dx.SwiftUI-Sample";
				PRODUCT_NAME = "$(TARGET_NAME)";
				SWIFT_EMIT_LOC_STRINGS = YES;
				SWIFT_VERSION = 5.0;
				TARGETED_DEVICE_FAMILY = "1,2";
			};
			name = Debug;
		};
		82FB182B28FE8D3800C03131 /* Release */ = {
			isa = XCBuildConfiguration;
			buildSettings = {
				ASSETCATALOG_COMPILER_APPICON_NAME = AppIcon;
				ASSETCATALOG_COMPILER_GLOBAL_ACCENT_COLOR_NAME = AccentColor;
				CODE_SIGN_STYLE = Automatic;
				CURRENT_PROJECT_VERSION = 1;
				DEVELOPMENT_ASSET_PATHS = "\"SwiftUI-Sample/Preview Content\"";
				DEVELOPMENT_TEAM = T7BG65JB87;
				ENABLE_PREVIEWS = YES;
				GENERATE_INFOPLIST_FILE = YES;
				INFOPLIST_KEY_UIApplicationSceneManifest_Generation = YES;
				INFOPLIST_KEY_UIApplicationSupportsIndirectInputEvents = YES;
				INFOPLIST_KEY_UILaunchScreen_Generation = YES;
				INFOPLIST_KEY_UISupportedInterfaceOrientations_iPad = "UIInterfaceOrientationPortrait UIInterfaceOrientationPortraitUpsideDown UIInterfaceOrientationLandscapeLeft UIInterfaceOrientationLandscapeRight";
				INFOPLIST_KEY_UISupportedInterfaceOrientations_iPhone = "UIInterfaceOrientationPortrait UIInterfaceOrientationLandscapeLeft UIInterfaceOrientationLandscapeRight";
				LD_RUNPATH_SEARCH_PATHS = (
					"$(inherited)",
					"@executable_path/Frameworks",
				);
				MARKETING_VERSION = 1.0;
				PRODUCT_BUNDLE_IDENTIFIER = "jp.co.opst.dx.SwiftUI-Sample";
				PRODUCT_NAME = "$(TARGET_NAME)";
				SWIFT_EMIT_LOC_STRINGS = YES;
				SWIFT_VERSION = 5.0;
				TARGETED_DEVICE_FAMILY = "1,2";
			};
			name = Release;
		};
		82FB182D28FE8D3800C03131 /* Debug */ = {
			isa = XCBuildConfiguration;
			buildSettings = {
				ALWAYS_EMBED_SWIFT_STANDARD_LIBRARIES = YES;
				BUNDLE_LOADER = "$(TEST_HOST)";
				CODE_SIGN_STYLE = Automatic;
				CURRENT_PROJECT_VERSION = 1;
				DEVELOPMENT_TEAM = T7BG65JB87;
				GENERATE_INFOPLIST_FILE = YES;
				IPHONEOS_DEPLOYMENT_TARGET = 16.0;
				MARKETING_VERSION = 1.0;
				PRODUCT_BUNDLE_IDENTIFIER = "jp.co.opst.dx.SwiftUI-SampleTests";
				PRODUCT_NAME = "$(TARGET_NAME)";
				SWIFT_EMIT_LOC_STRINGS = NO;
				SWIFT_VERSION = 5.0;
				TARGETED_DEVICE_FAMILY = "1,2";
				TEST_HOST = "$(BUILT_PRODUCTS_DIR)/SwiftUI-Sample.app/$(BUNDLE_EXECUTABLE_FOLDER_PATH)/SwiftUI-Sample";
			};
			name = Debug;
		};
		82FB182E28FE8D3800C03131 /* Release */ = {
			isa = XCBuildConfiguration;
			buildSettings = {
				ALWAYS_EMBED_SWIFT_STANDARD_LIBRARIES = YES;
				BUNDLE_LOADER = "$(TEST_HOST)";
				CODE_SIGN_STYLE = Automatic;
				CURRENT_PROJECT_VERSION = 1;
				DEVELOPMENT_TEAM = T7BG65JB87;
				GENERATE_INFOPLIST_FILE = YES;
				IPHONEOS_DEPLOYMENT_TARGET = 16.0;
				MARKETING_VERSION = 1.0;
				PRODUCT_BUNDLE_IDENTIFIER = "jp.co.opst.dx.SwiftUI-SampleTests";
				PRODUCT_NAME = "$(TARGET_NAME)";
				SWIFT_EMIT_LOC_STRINGS = NO;
				SWIFT_VERSION = 5.0;
				TARGETED_DEVICE_FAMILY = "1,2";
				TEST_HOST = "$(BUILT_PRODUCTS_DIR)/SwiftUI-Sample.app/$(BUNDLE_EXECUTABLE_FOLDER_PATH)/SwiftUI-Sample";
			};
			name = Release;
		};
		82FB183028FE8D3800C03131 /* Debug */ = {
			isa = XCBuildConfiguration;
			buildSettings = {
				ALWAYS_EMBED_SWIFT_STANDARD_LIBRARIES = YES;
				CODE_SIGN_STYLE = Automatic;
				CURRENT_PROJECT_VERSION = 1;
				DEVELOPMENT_TEAM = T7BG65JB87;
				GENERATE_INFOPLIST_FILE = YES;
				MARKETING_VERSION = 1.0;
				PRODUCT_BUNDLE_IDENTIFIER = "jp.co.opst.dx.SwiftUI-SampleUITests";
				PRODUCT_NAME = "$(TARGET_NAME)";
				SWIFT_EMIT_LOC_STRINGS = NO;
				SWIFT_VERSION = 5.0;
				TARGETED_DEVICE_FAMILY = "1,2";
				TEST_TARGET_NAME = "SwiftUI-Sample";
			};
			name = Debug;
		};
		82FB183128FE8D3800C03131 /* Release */ = {
			isa = XCBuildConfiguration;
			buildSettings = {
				ALWAYS_EMBED_SWIFT_STANDARD_LIBRARIES = YES;
				CODE_SIGN_STYLE = Automatic;
				CURRENT_PROJECT_VERSION = 1;
				DEVELOPMENT_TEAM = T7BG65JB87;
				GENERATE_INFOPLIST_FILE = YES;
				MARKETING_VERSION = 1.0;
				PRODUCT_BUNDLE_IDENTIFIER = "jp.co.opst.dx.SwiftUI-SampleUITests";
				PRODUCT_NAME = "$(TARGET_NAME)";
				SWIFT_EMIT_LOC_STRINGS = NO;
				SWIFT_VERSION = 5.0;
				TARGETED_DEVICE_FAMILY = "1,2";
				TEST_TARGET_NAME = "SwiftUI-Sample";
			};
			name = Release;
		};
/* End XCBuildConfiguration section */

/* Begin XCConfigurationList section */
		82FB180028FE8D3600C03131 /* Build configuration list for PBXProject "SwiftUI-Sample" */ = {
			isa = XCConfigurationList;
			buildConfigurations = (
				82FB182728FE8D3800C03131 /* Debug */,
				82FB182828FE8D3800C03131 /* Release */,
			);
			defaultConfigurationIsVisible = 0;
			defaultConfigurationName = Release;
		};
		82FB182928FE8D3800C03131 /* Build configuration list for PBXNativeTarget "SwiftUI-Sample" */ = {
			isa = XCConfigurationList;
			buildConfigurations = (
				82FB182A28FE8D3800C03131 /* Debug */,
				82FB182B28FE8D3800C03131 /* Release */,
			);
			defaultConfigurationIsVisible = 0;
			defaultConfigurationName = Release;
		};
		82FB182C28FE8D3800C03131 /* Build configuration list for PBXNativeTarget "SwiftUI-SampleTests" */ = {
			isa = XCConfigurationList;
			buildConfigurations = (
				82FB182D28FE8D3800C03131 /* Debug */,
				82FB182E28FE8D3800C03131 /* Release */,
			);
			defaultConfigurationIsVisible = 0;
			defaultConfigurationName = Release;
		};
		82FB182F28FE8D3800C03131 /* Build configuration list for PBXNativeTarget "SwiftUI-SampleUITests" */ = {
			isa = XCConfigurationList;
			buildConfigurations = (
				82FB183028FE8D3800C03131 /* Debug */,
				82FB183128FE8D3800C03131 /* Release */,
			);
			defaultConfigurationIsVisible = 0;
			defaultConfigurationName = Release;
		};
/* End XCConfigurationList section */
	};
	rootObject = 82FB17FD28FE8D3600C03131 /* Project object */;
}
